{
  "originHash" : "78192e9ae670e8772b8fb7e0694c9ac33ab721f31f91589c32b3fd407e8ed8b6",
  "pins" : [
    {
      "identity" : "capacitor-swift-pm",
      "kind" : "remoteSourceControl",
      "location" : "https://github.com/ionic-team/capacitor-swift-pm.git",
      "state" : {
        "revision" : "ac5dacb8f1f5abf4b8297b34cfc3860d3f9202df",
        "version" : "7.6.9"
      }
    }
  ],
  "version" : 3
}
